// !$*UTF8*$!
{
	archiveVersion = 1;
	classes = {
	};
	objectVersion = 48;
	objects = {

/* Begin PBXBuildFile section */
		0AE18E7E20309A2900F86761 /* AppDelegate.swift in Sources */ = {isa = PBXBuildFile; fileRef = 0AE18E7D20309A2900F86761 /* AppDelegate.swift */; };
		0AE18E8020309A2900F86761 /* ViewController.swift in Sources */ = {isa = PBXBuildFile; fileRef = 0AE18E7F20309A2900F86761 /* ViewController.swift */; };
		0AE18E8320309A2900F86761 /* Main.storyboard in Resources */ = {isa = PBXBuildFile; fileRef = 0AE18E8120309A2900F86761 /* Main.storyboard */; };
		0AE18E8520309A2900F86761 /* Assets.xcassets in Resources */ = {isa = PBXBuildFile; fileRef = 0AE18E8420309A2900F86761 /* Assets.xcassets */; };
		0AE18E8820309A2900F86761 /* LaunchScreen.storyboard in Resources */ = {isa = PBXBuildFile; fileRef = 0AE18E8620309A2900F86761 /* LaunchScreen.storyboard */; };
		0AE18E9320309A2900F86761 /* LfSMentorbookTests.swift in Sources */ = {isa = PBXBuildFile; fileRef = 0AE18E9220309A2900F86761 /* LfSMentorbookTests.swift */; };
		0AE18E9E20309A2900F86761 /* LfSMentorbookUITests.swift in Sources */ = {isa = PBXBuildFile; fileRef = 0AE18E9D20309A2900F86761 /* LfSMentorbookUITests.swift */; };
/* End PBXBuildFile section */

/* Begin PBXContainerItemProxy section */
		0AE18E8F20309A2900F86761 /* PBXContainerItemProxy */ = {
			isa = PBXContainerItemProxy;
			containerPortal = 0AE18E7220309A2900F86761 /* Project object */;
			proxyType = 1;
			remoteGlobalIDString = 0AE18E7920309A2900F86761;
			remoteInfo = LfSMentorbook;
		};
		0AE18E9A20309A2900F86761 /* PBXContainerItemProxy */ = {
			isa = PBXContainerItemProxy;
			containerPortal = 0AE18E7220309A2900F86761 /* Project object */;
			proxyType = 1;
			remoteGlobalIDString = 0AE18E7920309A2900F86761;
			remoteInfo = LfSMentorbook;
		};
/* End PBXContainerItemProxy section */

/* Begin PBXFileReference section */
		0AE18E7A20309A2900F86761 /* LfSMentorbook.app */ = {isa = PBXFileReference; explicitFileType = wrapper.application; includeInIndex = 0; path = LfSMentorbook.app; sourceTree = BUILT_PRODUCTS_DIR; };
		0AE18E7D20309A2900F86761 /* AppDelegate.swift */ = {isa = PBXFileReference; lastKnownFileType = sourcecode.swift; path = AppDelegate.swift; sourceTree = "<group>"; };
		0AE18E7F20309A2900F86761 /* ViewController.swift */ = {isa = PBXFileReference; lastKnownFileType = sourcecode.swift; path = ViewController.swift; sourceTree = "<group>"; };
		0AE18E8220309A2900F86761 /* Base */ = {isa = PBXFileReference; lastKnownFileType = file.storyboard; name = Base; path = Base.lproj/Main.storyboard; sourceTree = "<group>"; };
		0AE18E8420309A2900F86761 /* Assets.xcassets */ = {isa = PBXFileReference; lastKnownFileType = folder.assetcatalog; path = Assets.xcassets; sourceTree = "<group>"; };
		0AE18E8720309A2900F86761 /* Base */ = {isa = PBXFileReference; lastKnownFileType = file.storyboard; name = Base; path = Base.lproj/LaunchScreen.storyboard; sourceTree = "<group>"; };
		0AE18E8920309A2900F86761 /* Info.plist */ = {isa = PBXFileReference; lastKnownFileType = text.plist.xml; path = Info.plist; sourceTree = "<group>"; };
		0AE18E8E20309A2900F86761 /* LfSMentorbookTests.xctest */ = {isa = PBXFileReference; explicitFileType = wrapper.cfbundle; includeInIndex = 0; path = LfSMentorbookTests.xctest; sourceTree = BUILT_PRODUCTS_DIR; };
		0AE18E9220309A2900F86761 /* LfSMentorbookTests.swift */ = {isa = PBXFileReference; lastKnownFileType = sourcecode.swift; path = LfSMentorbookTests.swift; sourceTree = "<group>"; };
		0AE18E9420309A2900F86761 /* Info.plist */ = {isa = PBXFileReference; lastKnownFileType = text.plist.xml; path = Info.plist; sourceTree = "<group>"; };
		0AE18E9920309A2900F86761 /* LfSMentorbookUITests.xctest */ = {isa = PBXFileReference; explicitFileType = wrapper.cfbundle; includeInIndex = 0; path = LfSMentorbookUITests.xctest; sourceTree = BUILT_PRODUCTS_DIR; };
		0AE18E9D20309A2900F86761 /* LfSMentorbookUITests.swift */ = {isa = PBXFileReference; lastKnownFileType = sourcecode.swift; path = LfSMentorbookUITests.swift; sourceTree = "<group>"; };
		0AE18E9F20309A2900F86761 /* Info.plist */ = {isa = PBXFileReference; lastKnownFileType = text.plist.xml; path = Info.plist; sourceTree = "<group>"; };
/* End PBXFileReference section */

/* Begin PBXFrameworksBuildPhase section */
		0AE18E7720309A2900F86761 /* Frameworks */ = {
			isa = PBXFrameworksBuildPhase;
			buildActionMask = 2147483647;
			files = (
			);
			runOnlyForDeploymentPostprocessing = 0;
		};
		0AE18E8B20309A2900F86761 /* Frameworks */ = {
			isa = PBXFrameworksBuildPhase;
			buildActionMask = 2147483647;
			files = (
			);
			runOnlyForDeploymentPostprocessing = 0;
		};
		0AE18E9620309A2900F86761 /* Frameworks */ = {
			isa = PBXFrameworksBuildPhase;
			buildActionMask = 2147483647;
			files = (
			);
			runOnlyForDeploymentPostprocessing = 0;
		};
/* End PBXFrameworksBuildPhase section */

/* Begin PBXGroup section */
		0AE18E7120309A2900F86761 = {
			isa = PBXGroup;
			children = (
				0AE18E7C20309A2900F86761 /* LfSMentorbook */,
				0AE18E9120309A2900F86761 /* LfSMentorbookTests */,
				0AE18E9C20309A2900F86761 /* LfSMentorbookUITests */,
				0AE18E7B20309A2900F86761 /* Products */,
			);
			sourceTree = "<group>";
		};
		0AE18E7B20309A2900F86761 /* Products */ = {
			isa = PBXGroup;
			children = (
				0AE18E7A20309A2900F86761 /* LfSMentorbook.app */,
				0AE18E8E20309A2900F86761 /* LfSMentorbookTests.xctest */,
				0AE18E9920309A2900F86761 /* LfSMentorbookUITests.xctest */,
			);
			name = Products;
			sourceTree = "<group>";
		};
		0AE18E7C20309A2900F86761 /* LfSMentorbook */ = {
			isa = PBXGroup;
			children = (
				0AE18E7D20309A2900F86761 /* AppDelegate.swift */,
				0AE18E7F20309A2900F86761 /* ViewController.swift */,
				0AE18E8120309A2900F86761 /* Main.storyboard */,
				0AE18E8420309A2900F86761 /* Assets.xcassets */,
				0AE18E8620309A2900F86761 /* LaunchScreen.storyboard */,
				0AE18E8920309A2900F86761 /* Info.plist */,
			);
			path = LfSMentorbook;
			sourceTree = "<group>";
		};
		0AE18E9120309A2900F86761 /* LfSMentorbookTests */ = {
			isa = PBXGroup;
			children = (
				0AE18E9220309A2900F86761 /* LfSMentorbookTests.swift */,
				0AE18E9420309A2900F86761 /* Info.plist */,
			);
			path = LfSMentorbookTests;
			sourceTree = "<group>";
		};
		0AE18E9C20309A2900F86761 /* LfSMentorbookUITests */ = {
			isa = PBXGroup;
			children = (
				0AE18E9D20309A2900F86761 /* LfSMentorbookUITests.swift */,
				0AE18E9F20309A2900F86761 /* Info.plist */,
			);
			path = LfSMentorbookUITests;
			sourceTree = "<group>";
		};
/* End PBXGroup section */

/* Begin PBXNativeTarget section */
		0AE18E7920309A2900F86761 /* LfSMentorbook */ = {
			isa = PBXNativeTarget;
			buildConfigurationList = 0AE18EA220309A2900F86761 /* Build configuration list for PBXNativeTarget "LfSMentorbook" */;
			buildPhases = (
				0AE18E7620309A2900F86761 /* Sources */,
				0AE18E7720309A2900F86761 /* Frameworks */,
				0AE18E7820309A2900F86761 /* Resources */,
			);
			buildRules = (
			);
			dependencies = (
			);
			name = LfSMentorbook;
			productName = LfSMentorbook;
			productReference = 0AE18E7A20309A2900F86761 /* LfSMentorbook.app */;
			productType = "com.apple.product-type.application";
		};
		0AE18E8D20309A2900F86761 /* LfSMentorbookTests */ = {
			isa = PBXNativeTarget;
			buildConfigurationList = 0AE18EA520309A2900F86761 /* Build configuration list for PBXNativeTarget "LfSMentorbookTests" */;
			buildPhases = (
				0AE18E8A20309A2900F86761 /* Sources */,
				0AE18E8B20309A2900F86761 /* Frameworks */,
				0AE18E8C20309A2900F86761 /* Resources */,
			);
			buildRules = (
			);
			dependencies = (
				0AE18E9020309A2900F86761 /* PBXTargetDependency */,
			);
			name = LfSMentorbookTests;
			productName = LfSMentorbookTests;
			productReference = 0AE18E8E20309A2900F86761 /* LfSMentorbookTests.xctest */;
			productType = "com.apple.product-type.bundle.unit-test";
		};
		0AE18E9820309A2900F86761 /* LfSMentorbookUITests */ = {
			isa = PBXNativeTarget;
			buildConfigurationList = 0AE18EA820309A2900F86761 /* Build configuration list for PBXNativeTarget "LfSMentorbookUITests" */;
			buildPhases = (
				0AE18E9520309A2900F86761 /* Sources */,
				0AE18E9620309A2900F86761 /* Frameworks */,
				0AE18E9720309A2900F86761 /* Resources */,
			);
			buildRules = (
			);
			dependencies = (
				0AE18E9B20309A2900F86761 /* PBXTargetDependency */,
			);
			name = LfSMentorbookUITests;
			productName = LfSMentorbookUITests;
			productReference = 0AE18E9920309A2900F86761 /* LfSMentorbookUITests.xctest */;
			productType = "com.apple.product-type.bundle.ui-testing";
		};
/* End PBXNativeTarget section */

/* Begin PBXProject section */
		0AE18E7220309A2900F86761 /* Project object */ = {
			isa = PBXProject;
			attributes = {
				LastSwiftUpdateCheck = 0920;
				LastUpgradeCheck = 0920;
				ORGANIZATIONNAME = Yukiko;
				TargetAttributes = {
					0AE18E7920309A2900F86761 = {
						CreatedOnToolsVersion = 9.2;
						ProvisioningStyle = Automatic;
					};
					0AE18E8D20309A2900F86761 = {
						CreatedOnToolsVersion = 9.2;
						ProvisioningStyle = Automatic;
						TestTargetID = 0AE18E7920309A2900F86761;
					};
					0AE18E9820309A2900F86761 = {
						CreatedOnToolsVersion = 9.2;
						ProvisioningStyle = Automatic;
						TestTargetID = 0AE18E7920309A2900F86761;
					};
				};
			};
			buildConfigurationList = 0AE18E7520309A2900F86761 /* Build configuration list for PBXProject "LfSMentorbook" */;
			compatibilityVersion = "Xcode 8.0";
			developmentRegion = en;
			hasScannedForEncodings = 0;
			knownRegions = (
				en,
				Base,
			);
			mainGroup = 0AE18E7120309A2900F86761;
			productRefGroup = 0AE18E7B20309A2900F86761 /* Products */;
			projectDirPath = "";
			projectRoot = "";
			targets = (
				0AE18E7920309A2900F86761 /* LfSMentorbook */,
				0AE18E8D20309A2900F86761 /* LfSMentorbookTests */,
				0AE18E9820309A2900F86761 /* LfSMentorbookUITests */,
			);
		};
/* End PBXProject section */

/* Begin PBXResourcesBuildPhase section */
		0AE18E7820309A2900F86761 /* Resources */ = {
			isa = PBXResourcesBuildPhase;
			buildActionMask = 2147483647;
			files = (
				0AE18E8820309A2900F86761 /* LaunchScreen.storyboard in Resources */,
				0AE18E8520309A2900F86761 /* Assets.xcassets in Resources */,
				0AE18E8320309A2900F86761 /* Main.storyboard in Resources */,
			);
			runOnlyForDeploymentPostprocessing = 0;
		};
		0AE18E8C20309A2900F86761 /* Resources */ = {
			isa = PBXResourcesBuildPhase;
			buildActionMask = 2147483647;
			files = (
			);
			runOnlyForDeploymentPostprocessing = 0;
		};
		0AE18E9720309A2900F86761 /* Resources */ = {
			isa = PBXResourcesBuildPhase;
			buildActionMask = 2147483647;
			files = (
			);
			runOnlyForDeploymentPostprocessing = 0;
		};
/* End PBXResourcesBuildPhase section */

/* Begin PBXSourcesBuildPhase section */
		0AE18E7620309A2900F86761 /* Sources */ = {
			isa = PBXSourcesBuildPhase;
			buildActionMask = 2147483647;
			files = (
				0AE18E8020309A2900F86761 /* ViewController.swift in Sources */,
				0AE18E7E20309A2900F86761 /* AppDelegate.swift in Sources */,
			);
			runOnlyForDeploymentPostprocessing = 0;
		};
		0AE18E8A20309A2900F86761 /* Sources */ = {
			isa = PBXSourcesBuildPhase;
			buildActionMask = 2147483647;
			files = (
				0AE18E9320309A2900F86761 /* LfSMentorbookTests.swift in Sources */,
			);
			runOnlyForDeploymentPostprocessing = 0;
		};
		0AE18E9520309A2900F86761 /* Sources */ = {
			isa = PBXSourcesBuildPhase;
			buildActionMask = 2147483647;
			files = (
				0AE18E9E20309A2900F86761 /* LfSMentorbookUITests.swift in Sources */,
			);
			runOnlyForDeploymentPostprocessing = 0;
		};
/* End PBXSourcesBuildPhase section */

/* Begin PBXTargetDependency section */
		0AE18E9020309A2900F86761 /* PBXTargetDependency */ = {
			isa = PBXTargetDependency;
			target = 0AE18E7920309A2900F86761 /* LfSMentorbook */;
			targetProxy = 0AE18E8F20309A2900F86761 /* PBXContainerItemProxy */;
		};
		0AE18E9B20309A2900F86761 /* PBXTargetDependency */ = {
			isa = PBXTargetDependency;
			target = 0AE18E7920309A2900F86761 /* LfSMentorbook */;
			targetProxy = 0AE18E9A20309A2900F86761 /* PBXContainerItemProxy */;
		};
/* End PBXTargetDependency section */

/* Begin PBXVariantGroup section */
		0AE18E8120309A2900F86761 /* Main.storyboard */ = {
			isa = PBXVariantGroup;
			children = (
				0AE18E8220309A2900F86761 /* Base */,
			);
			name = Main.storyboard;
			sourceTree = "<group>";
		};
		0AE18E8620309A2900F86761 /* LaunchScreen.storyboard */ = {
			isa = PBXVariantGroup;
			children = (
				0AE18E8720309A2900F86761 /* Base */,
			);
			name = LaunchScreen.storyboard;
			sourceTree = "<group>";
		};
/* End PBXVariantGroup section */

/* Begin XCBuildConfiguration section */
		0AE18EA020309A2900F86761 /* Debug */ = {
			isa = XCBuildConfiguration;
			buildSettings = {
				ALWAYS_SEARCH_USER_PATHS = NO;
				CLANG_ANALYZER_NONNULL = YES;
				CLANG_ANALYZER_NUMBER_OBJECT_CONVERSION = YES_AGGRESSIVE;
				CLANG_CXX_LANGUAGE_STANDARD = "gnu++14";
				CLANG_CXX_LIBRARY = "libc++";
				CLANG_ENABLE_MODULES = YES;
				CLANG_ENABLE_OBJC_ARC = YES;
				CLANG_WARN_BLOCK_CAPTURE_AUTORELEASING = YES;
				CLANG_WARN_BOOL_CONVERSION = YES;
				CLANG_WARN_COMMA = YES;
				CLANG_WARN_CONSTANT_CONVERSION = YES;
				CLANG_WARN_DIRECT_OBJC_ISA_USAGE = YES_ERROR;
				CLANG_WARN_DOCUMENTATION_COMMENTS = YES;
				CLANG_WARN_EMPTY_BODY = YES;
				CLANG_WARN_ENUM_CONVERSION = YES;
				CLANG_WARN_INFINITE_RECURSION = YES;
				CLANG_WARN_INT_CONVERSION = YES;
				CLANG_WARN_NON_LITERAL_NULL_CONVERSION = YES;
				CLANG_WARN_OBJC_LITERAL_CONVERSION = YES;
				CLANG_WARN_OBJC_ROOT_CLASS = YES_ERROR;
				CLANG_WARN_RANGE_LOOP_ANALYSIS = YES;
				CLANG_WARN_STRICT_PROTOTYPES = YES;
				CLANG_WARN_SUSPICIOUS_MOVE = YES;
				CLANG_WARN_UNGUARDED_AVAILABILITY = YES_AGGRESSIVE;
				CLANG_WARN_UNREACHABLE_CODE = YES;
				CLANG_WARN__DUPLICATE_METHOD_MATCH = YES;
				CODE_SIGN_IDENTITY = "iPhone Developer";
				COPY_PHASE_STRIP = NO;
				DEBUG_INFORMATION_FORMAT = dwarf;
				ENABLE_STRICT_OBJC_MSGSEND = YES;
				ENABLE_TESTABILITY = YES;
				GCC_C_LANGUAGE_STANDARD = gnu11;
				GCC_DYNAMIC_NO_PIC = NO;
				GCC_NO_COMMON_BLOCKS = YES;
				GCC_OPTIMIZATION_LEVEL = 0;
				GCC_PREPROCESSOR_DEFINITIONS = (
					"DEBUG=1",
					"$(inherited)",
				);
				GCC_WARN_64_TO_32_BIT_CONVERSION = YES;
				GCC_WARN_ABOUT_RETURN_TYPE = YES_ERROR;
				GCC_WARN_UNDECLARED_SELECTOR = YES;
				GCC_WARN_UNINITIALIZED_AUTOS = YES_AGGRESSIVE;
				GCC_WARN_UNUSED_FUNCTION = YES;
				GCC_WARN_UNUSED_VARIABLE = YES;
				IPHONEOS_DEPLOYMENT_TARGET = 11.2;
				MTL_ENABLE_DEBUG_INFO = YES;
				ONLY_ACTIVE_ARCH = YES;
				SDKROOT = iphoneos;
				SWIFT_ACTIVE_COMPILATION_CONDITIONS = DEBUG;
				SWIFT_OPTIMIZATION_LEVEL = "-Onone";
			};
			name = Debug;
		};
		0AE18EA120309A2900F86761 /* Release */ = {
			isa = XCBuildConfiguration;
			buildSettings = {
				ALWAYS_SEARCH_USER_PATHS = NO;
				CLANG_ANALYZER_NONNULL = YES;
				CLANG_ANALYZER_NUMBER_OBJECT_CONVERSION = YES_AGGRESSIVE;
				CLANG_CXX_LANGUAGE_STANDARD = "gnu++14";
				CLANG_CXX_LIBRARY = "libc++";
				CLANG_ENABLE_MODULES = YES;
				CLANG_ENABLE_OBJC_ARC = YES;
				CLANG_WARN_BLOCK_CAPTURE_AUTORELEASING = YES;
				CLANG_WARN_BOOL_CONVERSION = YES;
				CLANG_WARN_COMMA = YES;
				CLANG_WARN_CONSTANT_CONVERSION = YES;
				CLANG_WARN_DIRECT_OBJC_ISA_USAGE = YES_ERROR;
				CLANG_WARN_DOCUMENTATION_COMMENTS = YES;
				CLANG_WARN_EMPTY_BODY = YES;
				CLANG_WARN_ENUM_CONVERSION = YES;
				CLANG_WARN_INFINITE_RECURSION = YES;
				CLANG_WARN_INT_CONVERSION = YES;
				CLANG_WARN_NON_LITERAL_NULL_CONVERSION = YES;
				CLANG_WARN_OBJC_LITERAL_CONVERSION = YES;
				CLANG_WARN_OBJC_ROOT_CLASS = YES_ERROR;
				CLANG_WARN_RANGE_LOOP_ANALYSIS = YES;
				CLANG_WARN_STRICT_PROTOTYPES = YES;
				CLANG_WARN_SUSPICIOUS_MOVE = YES;
				CLANG_WARN_UNGUARDED_AVAILABILITY = YES_AGGRESSIVE;
				CLANG_WARN_UNREACHABLE_CODE = YES;
				CLANG_WARN__DUPLICATE_METHOD_MATCH = YES;
				CODE_SIGN_IDENTITY = "iPhone Developer";
				COPY_PHASE_STRIP = NO;
				DEBUG_INFORMATION_FORMAT = "dwarf-with-dsym";
				ENABLE_NS_ASSERTIONS = NO;
				ENABLE_STRICT_OBJC_MSGSEND = YES;
				GCC_C_LANGUAGE_STANDARD = gnu11;
				GCC_NO_COMMON_BLOCKS = YES;
				GCC_WARN_64_TO_32_BIT_CONVERSION = YES;
				GCC_WARN_ABOUT_RETURN_TYPE = YES_ERROR;
				GCC_WARN_UNDECLARED_SELECTOR = YES;
				GCC_WARN_UNINITIALIZED_AUTOS = YES_AGGRESSIVE;
				GCC_WARN_UNUSED_FUNCTION = YES;
				GCC_WARN_UNUSED_VARIABLE = YES;
				IPHONEOS_DEPLOYMENT_TARGET = 11.2;
				MTL_ENABLE_DEBUG_INFO = NO;
				SDKROOT = iphoneos;
				SWIFT_OPTIMIZATION_LEVEL = "-Owholemodule";
				VALIDATE_PRODUCT = YES;
			};
			name = Release;
		};
		0AE18EA320309A2900F86761 /* Debug */ = {
			isa = XCBuildConfiguration;
			buildSettings = {
				ASSETCATALOG_COMPILER_APPICON_NAME = AppIcon;
				CODE_SIGN_STYLE = Automatic;
				INFOPLIST_FILE = LfSMentorbook/Info.plist;
				LD_RUNPATH_SEARCH_PATHS = "$(inherited) @executable_path/Frameworks";
				PRODUCT_BUNDLE_IDENTIFIER = com.Yukiko.LfSMentorbook;
				PRODUCT_NAME = "$(TARGET_NAME)";
				SWIFT_VERSION = 4.0;
				TARGETED_DEVICE_FAMILY = "1,2";
			};
			name = Debug;
		};
		0AE18EA420309A2900F86761 /* Release */ = {
			isa = XCBuildConfiguration;
			buildSettings = {
				ASSETCATALOG_COMPILER_APPICON_NAME = AppIcon;
				CODE_SIGN_STYLE = Automatic;
				INFOPLIST_FILE = LfSMentorbook/Info.plist;
				LD_RUNPATH_SEARCH_PATHS = "$(inherited) @executable_path/Frameworks";
				PRODUCT_BUNDLE_IDENTIFIER = com.Yukiko.LfSMentorbook;
				PRODUCT_NAME = "$(TARGET_NAME)";
				SWIFT_VERSION = 4.0;
				TARGETED_DEVICE_FAMILY = "1,2";
			};
			name = Release;
		};
		0AE18EA620309A2900F86761 /* Debug */ = {
			isa = XCBuildConfiguration;
			buildSettings = {
				ALWAYS_EMBED_SWIFT_STANDARD_LIBRARIES = YES;
				BUNDLE_LOADER = "$(TEST_HOST)";
				CODE_SIGN_STYLE = Automatic;
				INFOPLIST_FILE = LfSMentorbookTests/Info.plist;
				LD_RUNPATH_SEARCH_PATHS = "$(inherited) @executable_path/Frameworks @loader_path/Frameworks";
				PRODUCT_BUNDLE_IDENTIFIER = com.Yukiko.LfSMentorbookTests;
				PRODUCT_NAME = "$(TARGET_NAME)";
				SWIFT_VERSION = 4.0;
				TARGETED_DEVICE_FAMILY = "1,2";
				TEST_HOST = "$(BUILT_PRODUCTS_DIR)/LfSMentorbook.app/LfSMentorbook";
			};
			name = Debug;
		};
		0AE18EA720309A2900F86761 /* Release */ = {
			isa = XCBuildConfiguration;
			buildSettings = {
				ALWAYS_EMBED_SWIFT_STANDARD_LIBRARIES = YES;
				BUNDLE_LOADER = "$(TEST_HOST)";
				CODE_SIGN_STYLE = Automatic;
				INFOPLIST_FILE = LfSMentorbookTests/Info.plist;
				LD_RUNPATH_SEARCH_PATHS = "$(inherited) @executable_path/Frameworks @loader_path/Frameworks";
				PRODUCT_BUNDLE_IDENTIFIER = com.Yukiko.LfSMentorbookTests;
				PRODUCT_NAME = "$(TARGET_NAME)";
				SWIFT_VERSION = 4.0;
				TARGETED_DEVICE_FAMILY = "1,2";
				TEST_HOST = "$(BUILT_PRODUCTS_DIR)/LfSMentorbook.app/LfSMentorbook";
			};
			name = Release;
		};
		0AE18EA920309A2900F86761 /* Debug */ = {
			isa = XCBuildConfiguration;
			buildSettings = {
				ALWAYS_EMBED_SWIFT_STANDARD_LIBRARIES = YES;
				CODE_SIGN_STYLE = Automatic;
				INFOPLIST_FILE = LfSMentorbookUITests/Info.plist;
				LD_RUNPATH_SEARCH_PATHS = "$(inherited) @executable_path/Frameworks @loader_path/Frameworks";
				PRODUCT_BUNDLE_IDENTIFIER = com.Yukiko.LfSMentorbookUITests;
				PRODUCT_NAME = "$(TARGET_NAME)";
				SWIFT_VERSION = 4.0;
				TARGETED_DEVICE_FAMILY = "1,2";
				TEST_TARGET_NAME = LfSMentorbook;
			};
			name = Debug;
		};
		0AE18EAA20309A2900F86761 /* Release */ = {
			isa = XCBuildConfiguration;
			buildSettings = {
				ALWAYS_EMBED_SWIFT_STANDARD_LIBRARIES = YES;
				CODE_SIGN_STYLE = Automatic;
				INFOPLIST_FILE = LfSMentorbookUITests/Info.plist;
				LD_RUNPATH_SEARCH_PATHS = "$(inherited) @executable_path/Frameworks @loader_path/Frameworks";
				PRODUCT_BUNDLE_IDENTIFIER = com.Yukiko.LfSMentorbookUITests;
				PRODUCT_NAME = "$(TARGET_NAME)";
				SWIFT_VERSION = 4.0;
				TARGETED_DEVICE_FAMILY = "1,2";
				TEST_TARGET_NAME = LfSMentorbook;
			};
			name = Release;
		};
/* End XCBuildConfiguration section */

/* Begin XCConfigurationList section */
		0AE18E7520309A2900F86761 /* Build configuration list for PBXProject "LfSMentorbook" */ = {
			isa = XCConfigurationList;
			buildConfigurations = (
				0AE18EA020309A2900F86761 /* Debug */,
				0AE18EA120309A2900F86761 /* Release */,
			);
			defaultConfigurationIsVisible = 0;
			defaultConfigurationName = Release;
		};
		0AE18EA220309A2900F86761 /* Build configuration list for PBXNativeTarget "LfSMentorbook" */ = {
			isa = XCConfigurationList;
			buildConfigurations = (
				0AE18EA320309A2900F86761 /* Debug */,
				0AE18EA420309A2900F86761 /* Release */,
			);
			defaultConfigurationIsVisible = 0;
			defaultConfigurationName = Release;
		};
		0AE18EA520309A2900F86761 /* Build configuration list for PBXNativeTarget "LfSMentorbookTests" */ = {
			isa = XCConfigurationList;
			buildConfigurations = (
				0AE18EA620309A2900F86761 /* Debug */,
				0AE18EA720309A2900F86761 /* Release */,
			);
			defaultConfigurationIsVisible = 0;
			defaultConfigurationName = Release;
		};
		0AE18EA820309A2900F86761 /* Build configuration list for PBXNativeTarget "LfSMentorbookUITests" */ = {
			isa = XCConfigurationList;
			buildConfigurations = (
				0AE18EA920309A2900F86761 /* Debug */,
				0AE18EAA20309A2900F86761 /* Release */,
			);
			defaultConfigurationIsVisible = 0;
			defaultConfigurationName = Release;
		};
/* End XCConfigurationList section */
	};
	rootObject = 0AE18E7220309A2900F86761 /* Project object */;
}
